
Microsoft Visual Studio Solution File, Format Version 12.00
# Visual Studio Version 17
VisualStudioVersion = 17.4.33110.190
MinimumVisualStudioVersion = 10.0.40219.1
Project("{FAE04EC0-301F-11D3-BF4B-00C04F79EFBC}") = "trabalhopoopt2", "trabalhopoopt2.csproj", "{50958B34-E6E8-4F5D-BB76-B111A5C9F728}"
EndProject
Global
	GlobalSection(SolutionConfigurationPlatforms) = preSolution
		Debug|Any CPU = Debug|Any CPU
		Release|Any CPU = Release|Any CPU
	EndGlobalSection
	GlobalSection(ProjectConfigurationPlatforms) = postSolution
		{50958B34-E6E8-4F5D-BB76-B111A5C9F728}.Debug|Any CPU.ActiveCfg = Debug|Any CPU
		{50958B34-E6E8-4F5D-BB76-B111A5C9F728}.Debug|Any CPU.Build.0 = Debug|Any CPU
		{50958B34-E6E8-4F5D-BB76-B111A5C9F728}.Release|Any CPU.ActiveCfg = Release|Any CPU
		{50958B34-E6E8-4F5D-BB76-B111A5C9F728}.Release|Any CPU.Build.0 = Release|Any CPU
	EndGlobalSection
	GlobalSection(SolutionProperties) = preSolution
		HideSolutionNode = FALSE
	EndGlobalSection
	GlobalSection(ExtensibilityGlobals) = postSolution
		SolutionGuid = {401C6E75-2062-4ECB-B1CF-27FD16118BFA}
	EndGlobalSection
EndGlobal
